
Microsoft Visual Studio Solution File, Format Version 12.00
# Visual Studio Version 17
VisualStudioVersion = 17.10.35013.160
MinimumVisualStudioVersion = 10.0.40219.1
Project("{FAE04EC0-301F-11D3-BF4B-00C04F79EFBC}") = "COSC295assign2Cao7992.Android", "COSC295assign2Cao7992\COSC295assign2Cao7992.Android\COSC295assign2Cao7992.Android.csproj", "{9EDB925F-CA07-4E8B-BBE9-6CC2605B678C}"
EndProject
Project("{FAE04EC0-301F-11D3-BF4B-00C04F79EFBC}") = "COSC295assign2Cao7992", "COSC295assign2Cao7992\COSC295assign2Cao7992\COSC295assign2Cao7992.csproj", "{B543DA2B-373C-48E1-8B21-C3D5E8D8C8C3}"
EndProject
Global
	GlobalSection(SolutionConfigurationPlatforms) = preSolution
		Debug|Any CPU = Debug|Any CPU
		Release|Any CPU = Release|Any CPU
	EndGlobalSection
	GlobalSection(ProjectConfigurationPlatforms) = postSolution
		{9EDB925F-CA07-4E8B-BBE9-6CC2605B678C}.Debug|Any CPU.ActiveCfg = Debug|Any CPU
		{9EDB925F-CA07-4E8B-BBE9-6CC2605B678C}.Debug|Any CPU.Build.0 = Debug|Any CPU
		{9EDB925F-CA07-4E8B-BBE9-6CC2605B678C}.Debug|Any CPU.Deploy.0 = Debug|Any CPU
		{9EDB925F-CA07-4E8B-BBE9-6CC2605B678C}.Release|Any CPU.ActiveCfg = Release|Any CPU
		{9EDB925F-CA07-4E8B-BBE9-6CC2605B678C}.Release|Any CPU.Build.0 = Release|Any CPU
		{9EDB925F-CA07-4E8B-BBE9-6CC2605B678C}.Release|Any CPU.Deploy.0 = Release|Any CPU
		{B543DA2B-373C-48E1-8B21-C3D5E8D8C8C3}.Debug|Any CPU.ActiveCfg = Debug|Any CPU
		{B543DA2B-373C-48E1-8B21-C3D5E8D8C8C3}.Debug|Any CPU.Build.0 = Debug|Any CPU
		{B543DA2B-373C-48E1-8B21-C3D5E8D8C8C3}.Debug|Any CPU.Deploy.0 = Debug|Any CPU
		{B543DA2B-373C-48E1-8B21-C3D5E8D8C8C3}.Release|Any CPU.ActiveCfg = Release|Any CPU
		{B543DA2B-373C-48E1-8B21-C3D5E8D8C8C3}.Release|Any CPU.Build.0 = Release|Any CPU
		{B543DA2B-373C-48E1-8B21-C3D5E8D8C8C3}.Release|Any CPU.Deploy.0 = Release|Any CPU
	EndGlobalSection
	GlobalSection(SolutionProperties) = preSolution
		HideSolutionNode = FALSE
	EndGlobalSection
	GlobalSection(ExtensibilityGlobals) = postSolution
		SolutionGuid = {48033771-CD30-4AA0-8F20-F12FD22BE880}
	EndGlobalSection
EndGlobal
